// !$*UTF8*$!
{
	archiveVersion = 1;
	classes = {
	};
	objectVersion = 51;
	objects = {

/* Begin PBXBuildFile section */
		C2F82C7456DC1FF9EBD928AB /* Pods_cities_of_the_world_cities_of_the_worldUITests.framework in Frameworks */ = {isa = PBXBuildFile; fileRef = 285DB7C4C90845D53E97C1E2 /* Pods_cities_of_the_world_cities_of_the_worldUITests.framework */; };
		D22D597D24A078990090E5D1 /* AppDelegate.swift in Sources */ = {isa = PBXBuildFile; fileRef = D22D597C24A078990090E5D1 /* AppDelegate.swift */; };
		D22D597F24A078990090E5D1 /* SceneDelegate.swift in Sources */ = {isa = PBXBuildFile; fileRef = D22D597E24A078990090E5D1 /* SceneDelegate.swift */; };
		D22D598624A0789B0090E5D1 /* Assets.xcassets in Resources */ = {isa = PBXBuildFile; fileRef = D22D598524A0789B0090E5D1 /* Assets.xcassets */; };
		D22D598924A0789B0090E5D1 /* LaunchScreen.storyboard in Resources */ = {isa = PBXBuildFile; fileRef = D22D598724A0789B0090E5D1 /* LaunchScreen.storyboard */; };
		D22D599424A0789B0090E5D1 /* CacheManagerTests.swift in Sources */ = {isa = PBXBuildFile; fileRef = D22D599324A0789B0090E5D1 /* CacheManagerTests.swift */; };
		D22D599F24A0789B0090E5D1 /* cities_of_the_worldUITests.swift in Sources */ = {isa = PBXBuildFile; fileRef = D22D599E24A0789B0090E5D1 /* cities_of_the_worldUITests.swift */; };
		D28E367624A26EB300D19033 /* Cacheable.swift in Sources */ = {isa = PBXBuildFile; fileRef = D28E367524A26EB300D19033 /* Cacheable.swift */; };
		D28E367924A2958700D19033 /* City.swift in Sources */ = {isa = PBXBuildFile; fileRef = D28E367824A2958700D19033 /* City.swift */; };
		D28E367B24A2DBB100D19033 /* ApiClient.swift in Sources */ = {isa = PBXBuildFile; fileRef = D28E367A24A2DBB100D19033 /* ApiClient.swift */; };
		D28E367D24A2E86E00D19033 /* ApiTests.swift in Sources */ = {isa = PBXBuildFile; fileRef = D28E367C24A2E86E00D19033 /* ApiTests.swift */; };
		D28E367F24A2F0E900D19033 /* PaginationResult.swift in Sources */ = {isa = PBXBuildFile; fileRef = D28E367E24A2F0E900D19033 /* PaginationResult.swift */; };
		D28E368724A30A9300D19033 /* CitiesRepository.swift in Sources */ = {isa = PBXBuildFile; fileRef = D28E368624A30A9300D19033 /* CitiesRepository.swift */; };
		D2930D9E24A3A8A200593133 /* Coordinator.swift in Sources */ = {isa = PBXBuildFile; fileRef = D2930D9D24A3A8A200593133 /* Coordinator.swift */; };
		D2930DA024A3A94600593133 /* Xibs.swift in Sources */ = {isa = PBXBuildFile; fileRef = D2930D9F24A3A94600593133 /* Xibs.swift */; };
		D2930DA424A3AAA800593133 /* BindableViewModel.swift in Sources */ = {isa = PBXBuildFile; fileRef = D2930DA324A3AAA800593133 /* BindableViewModel.swift */; };
		D2930DA624A3AAB500593133 /* BindableViewDelegate.swift in Sources */ = {isa = PBXBuildFile; fileRef = D2930DA524A3AAB500593133 /* BindableViewDelegate.swift */; };
		D2930DA924A3ACF600593133 /* UIViewController+Load.swift in Sources */ = {isa = PBXBuildFile; fileRef = D2930DA824A3ACF600593133 /* UIViewController+Load.swift */; };
		D2930DAB24A3AE2300593133 /* MainCoordinator.swift in Sources */ = {isa = PBXBuildFile; fileRef = D2930DAA24A3AE2300593133 /* MainCoordinator.swift */; };
		D2930DAD24A3B4ED00593133 /* CitiesListViewModel.swift in Sources */ = {isa = PBXBuildFile; fileRef = D2930DAC24A3B4ED00593133 /* CitiesListViewModel.swift */; };
		D2930DAF24A3D3D900593133 /* SceneDelegate+Coordinator.swift in Sources */ = {isa = PBXBuildFile; fileRef = D2930DAE24A3D3D900593133 /* SceneDelegate+Coordinator.swift */; };
		D2930DB124A3D8D700593133 /* CitiesListView.xib in Resources */ = {isa = PBXBuildFile; fileRef = D2930DB024A3D8D700593133 /* CitiesListView.xib */; };
		D2930DB324A3DE8100593133 /* CitiesListViewController.swift in Sources */ = {isa = PBXBuildFile; fileRef = D2930DB224A3DE8100593133 /* CitiesListViewController.swift */; };
		D2930DB524A3F01E00593133 /* TextField+Styling.swift in Sources */ = {isa = PBXBuildFile; fileRef = D2930DB424A3F01E00593133 /* TextField+Styling.swift */; };
		D2930DB724A3FBD000593133 /* Constants.swift in Sources */ = {isa = PBXBuildFile; fileRef = D2930DB624A3FBD000593133 /* Constants.swift */; };
		D2930DB924A40A1200593133 /* Colors.swift in Sources */ = {isa = PBXBuildFile; fileRef = D2930DB824A40A1200593133 /* Colors.swift */; };
		D2930DBB24A40DAD00593133 /* CitiesListViewController+TableView.swift in Sources */ = {isa = PBXBuildFile; fileRef = D2930DBA24A40DAD00593133 /* CitiesListViewController+TableView.swift */; };
		D2930DBD24A412B400593133 /* ViewModelLoader.swift in Sources */ = {isa = PBXBuildFile; fileRef = D2930DBC24A412B400593133 /* ViewModelLoader.swift */; };
		D2930DC524A422D000593133 /* CityRow.swift in Sources */ = {isa = PBXBuildFile; fileRef = D2930DC324A422D000593133 /* CityRow.swift */; };
		D2930DC624A422D000593133 /* CityRow.xib in Resources */ = {isa = PBXBuildFile; fileRef = D2930DC424A422D000593133 /* CityRow.xib */; };
		D2930DC824A42F5700593133 /* Identifiers.swift in Sources */ = {isa = PBXBuildFile; fileRef = D2930DC724A42F5700593133 /* Identifiers.swift */; };
		D2930DCF24A4460C00593133 /* CitiesMapViewController.swift in Sources */ = {isa = PBXBuildFile; fileRef = D2930DCD24A4460C00593133 /* CitiesMapViewController.swift */; };
		D2930DD024A4460C00593133 /* CitiesMapView.xib in Resources */ = {isa = PBXBuildFile; fileRef = D2930DCE24A4460C00593133 /* CitiesMapView.xib */; };
		D2930DD424A44B1D00593133 /* CitiesListViewController+TextField.swift in Sources */ = {isa = PBXBuildFile; fileRef = D2930DD324A44B1D00593133 /* CitiesListViewController+TextField.swift */; };
		D2930DD624A44B4A00593133 /* CitiesListViewController+ViewDelegate.swift in Sources */ = {isa = PBXBuildFile; fileRef = D2930DD524A44B4A00593133 /* CitiesListViewController+ViewDelegate.swift */; };
		D2930DD824A4519700593133 /* APIKeys.swift in Sources */ = {isa = PBXBuildFile; fileRef = D2930DD724A4519700593133 /* APIKeys.swift */; };
		D2930DDA24A4526100593133 /* CitiesMapViewModel.swift in Sources */ = {isa = PBXBuildFile; fileRef = D2930DD924A4526100593133 /* CitiesMapViewModel.swift */; };
		D2930DE024A483FE00593133 /* CityLoadingCell.swift in Sources */ = {isa = PBXBuildFile; fileRef = D2930DDE24A483FE00593133 /* CityLoadingCell.swift */; };
		D2930DE124A483FE00593133 /* CityLoadingCell.xib in Resources */ = {isa = PBXBuildFile; fileRef = D2930DDF24A483FE00593133 /* CityLoadingCell.xib */; };
		D2930DE524A4EE3800593133 /* RecentQueryCell.swift in Sources */ = {isa = PBXBuildFile; fileRef = D2930DE324A4EE3800593133 /* RecentQueryCell.swift */; };
		D2930DE624A4EE3800593133 /* RecentQueryCell.xib in Resources */ = {isa = PBXBuildFile; fileRef = D2930DE424A4EE3800593133 /* RecentQueryCell.xib */; };
		D2930DE824A4F51F00593133 /* Query.swift in Sources */ = {isa = PBXBuildFile; fileRef = D2930DE724A4F51F00593133 /* Query.swift */; };
		D2C12AED24A24D5A00ED9B45 /* CacheManager.swift in Sources */ = {isa = PBXBuildFile; fileRef = D2C12AEC24A24D5A00ED9B45 /* CacheManager.swift */; };
		D2C12AF124A2630500ED9B45 /* DebugLog.swift in Sources */ = {isa = PBXBuildFile; fileRef = D2C12AF024A2630500ED9B45 /* DebugLog.swift */; };
		D2C12AF224A2630500ED9B45 /* DebugLog.swift in Sources */ = {isa = PBXBuildFile; fileRef = D2C12AF024A2630500ED9B45 /* DebugLog.swift */; };
		D6562999B890DD743AF0F23D /* Pods_cities_of_the_world.framework in Frameworks */ = {isa = PBXBuildFile; fileRef = F20D921260A5475522E67405 /* Pods_cities_of_the_world.framework */; };
		EA06ABABF2CCC129AF34F050 /* Pods_cities_of_the_worldTests.framework in Frameworks */ = {isa = PBXBuildFile; fileRef = D59622DFB1A4658F43FDFD6F /* Pods_cities_of_the_worldTests.framework */; };
/* End PBXBuildFile section */

/* Begin PBXContainerItemProxy section */
		D22D599024A0789B0090E5D1 /* PBXContainerItemProxy */ = {
			isa = PBXContainerItemProxy;
			containerPortal = D22D597124A078990090E5D1 /* Project object */;
			proxyType = 1;
			remoteGlobalIDString = D22D597824A078990090E5D1;
			remoteInfo = "cities of the world";
		};
		D22D599B24A0789B0090E5D1 /* PBXContainerItemProxy */ = {
			isa = PBXContainerItemProxy;
			containerPortal = D22D597124A078990090E5D1 /* Project object */;
			proxyType = 1;
			remoteGlobalIDString = D22D597824A078990090E5D1;
			remoteInfo = "cities of the world";
		};
/* End PBXContainerItemProxy section */

/* Begin PBXFileReference section */
		14EFBB7DE1061437E4BA5B99 /* Pods-cities of the world.debug.xcconfig */ = {isa = PBXFileReference; includeInIndex = 1; lastKnownFileType = text.xcconfig; name = "Pods-cities of the world.debug.xcconfig"; path = "Target Support Files/Pods-cities of the world/Pods-cities of the world.debug.xcconfig"; sourceTree = "<group>"; };
		285DB7C4C90845D53E97C1E2 /* Pods_cities_of_the_world_cities_of_the_worldUITests.framework */ = {isa = PBXFileReference; explicitFileType = wrapper.framework; includeInIndex = 0; path = Pods_cities_of_the_world_cities_of_the_worldUITests.framework; sourceTree = BUILT_PRODUCTS_DIR; };
		29EBAD84A8212D4DB1A36128 /* Pods-cities of the world.release.xcconfig */ = {isa = PBXFileReference; includeInIndex = 1; lastKnownFileType = text.xcconfig; name = "Pods-cities of the world.release.xcconfig"; path = "Target Support Files/Pods-cities of the world/Pods-cities of the world.release.xcconfig"; sourceTree = "<group>"; };
		35410B3859B4766574DF00C5 /* Pods-cities of the worldTests.release.xcconfig */ = {isa = PBXFileReference; includeInIndex = 1; lastKnownFileType = text.xcconfig; name = "Pods-cities of the worldTests.release.xcconfig"; path = "Target Support Files/Pods-cities of the worldTests/Pods-cities of the worldTests.release.xcconfig"; sourceTree = "<group>"; };
		A7F9082699CA441DEC02B62B /* Pods-cities of the world-cities of the worldUITests.debug.xcconfig */ = {isa = PBXFileReference; includeInIndex = 1; lastKnownFileType = text.xcconfig; name = "Pods-cities of the world-cities of the worldUITests.debug.xcconfig"; path = "Target Support Files/Pods-cities of the world-cities of the worldUITests/Pods-cities of the world-cities of the worldUITests.debug.xcconfig"; sourceTree = "<group>"; };
		AF874AB28667705C97B074FD /* Pods-cities of the worldTests.debug.xcconfig */ = {isa = PBXFileReference; includeInIndex = 1; lastKnownFileType = text.xcconfig; name = "Pods-cities of the worldTests.debug.xcconfig"; path = "Target Support Files/Pods-cities of the worldTests/Pods-cities of the worldTests.debug.xcconfig"; sourceTree = "<group>"; };
		D22D597924A078990090E5D1 /* Cities of the World.app */ = {isa = PBXFileReference; explicitFileType = wrapper.application; includeInIndex = 0; path = "Cities of the World.app"; sourceTree = BUILT_PRODUCTS_DIR; };
		D22D597C24A078990090E5D1 /* AppDelegate.swift */ = {isa = PBXFileReference; lastKnownFileType = sourcecode.swift; path = AppDelegate.swift; sourceTree = "<group>"; };
		D22D597E24A078990090E5D1 /* SceneDelegate.swift */ = {isa = PBXFileReference; lastKnownFileType = sourcecode.swift; path = SceneDelegate.swift; sourceTree = "<group>"; };
		D22D598524A0789B0090E5D1 /* Assets.xcassets */ = {isa = PBXFileReference; lastKnownFileType = folder.assetcatalog; path = Assets.xcassets; sourceTree = "<group>"; };
		D22D598824A0789B0090E5D1 /* Base */ = {isa = PBXFileReference; lastKnownFileType = file.storyboard; name = Base; path = Base.lproj/LaunchScreen.storyboard; sourceTree = "<group>"; };
		D22D598A24A0789B0090E5D1 /* Info.plist */ = {isa = PBXFileReference; lastKnownFileType = text.plist.xml; path = Info.plist; sourceTree = "<group>"; };
		D22D598F24A0789B0090E5D1 /* cities of the worldTests.xctest */ = {isa = PBXFileReference; explicitFileType = wrapper.cfbundle; includeInIndex = 0; path = "cities of the worldTests.xctest"; sourceTree = BUILT_PRODUCTS_DIR; };
		D22D599324A0789B0090E5D1 /* CacheManagerTests.swift */ = {isa = PBXFileReference; lastKnownFileType = sourcecode.swift; path = CacheManagerTests.swift; sourceTree = "<group>"; };
		D22D599524A0789B0090E5D1 /* Info.plist */ = {isa = PBXFileReference; lastKnownFileType = text.plist.xml; path = Info.plist; sourceTree = "<group>"; };
		D22D599A24A0789B0090E5D1 /* cities of the worldUITests.xctest */ = {isa = PBXFileReference; explicitFileType = wrapper.cfbundle; includeInIndex = 0; path = "cities of the worldUITests.xctest"; sourceTree = BUILT_PRODUCTS_DIR; };
		D22D599E24A0789B0090E5D1 /* cities_of_the_worldUITests.swift */ = {isa = PBXFileReference; lastKnownFileType = sourcecode.swift; path = cities_of_the_worldUITests.swift; sourceTree = "<group>"; };
		D22D59A024A0789B0090E5D1 /* Info.plist */ = {isa = PBXFileReference; lastKnownFileType = text.plist.xml; path = Info.plist; sourceTree = "<group>"; };
		D28E367524A26EB300D19033 /* Cacheable.swift */ = {isa = PBXFileReference; lastKnownFileType = sourcecode.swift; path = Cacheable.swift; sourceTree = "<group>"; };
		D28E367824A2958700D19033 /* City.swift */ = {isa = PBXFileReference; lastKnownFileType = sourcecode.swift; path = City.swift; sourceTree = "<group>"; };
		D28E367A24A2DBB100D19033 /* ApiClient.swift */ = {isa = PBXFileReference; lastKnownFileType = sourcecode.swift; path = ApiClient.swift; sourceTree = "<group>"; };
		D28E367C24A2E86E00D19033 /* ApiTests.swift */ = {isa = PBXFileReference; lastKnownFileType = sourcecode.swift; path = ApiTests.swift; sourceTree = "<group>"; };
		D28E367E24A2F0E900D19033 /* PaginationResult.swift */ = {isa = PBXFileReference; lastKnownFileType = sourcecode.swift; path = PaginationResult.swift; sourceTree = "<group>"; };
		D28E368624A30A9300D19033 /* CitiesRepository.swift */ = {isa = PBXFileReference; lastKnownFileType = sourcecode.swift; path = CitiesRepository.swift; sourceTree = "<group>"; };
		D2930D9D24A3A8A200593133 /* Coordinator.swift */ = {isa = PBXFileReference; lastKnownFileType = sourcecode.swift; path = Coordinator.swift; sourceTree = "<group>"; };
		D2930D9F24A3A94600593133 /* Xibs.swift */ = {isa = PBXFileReference; lastKnownFileType = sourcecode.swift; path = Xibs.swift; sourceTree = "<group>"; };
		D2930DA324A3AAA800593133 /* BindableViewModel.swift */ = {isa = PBXFileReference; lastKnownFileType = sourcecode.swift; path = BindableViewModel.swift; sourceTree = "<group>"; };
		D2930DA524A3AAB500593133 /* BindableViewDelegate.swift */ = {isa = PBXFileReference; lastKnownFileType = sourcecode.swift; path = BindableViewDelegate.swift; sourceTree = "<group>"; };
		D2930DA824A3ACF600593133 /* UIViewController+Load.swift */ = {isa = PBXFileReference; lastKnownFileType = sourcecode.swift; path = "UIViewController+Load.swift"; sourceTree = "<group>"; };
		D2930DAA24A3AE2300593133 /* MainCoordinator.swift */ = {isa = PBXFileReference; lastKnownFileType = sourcecode.swift; path = MainCoordinator.swift; sourceTree = "<group>"; };
		D2930DAC24A3B4ED00593133 /* CitiesListViewModel.swift */ = {isa = PBXFileReference; lastKnownFileType = sourcecode.swift; path = CitiesListViewModel.swift; sourceTree = "<group>"; };
		D2930DAE24A3D3D900593133 /* SceneDelegate+Coordinator.swift */ = {isa = PBXFileReference; lastKnownFileType = sourcecode.swift; path = "SceneDelegate+Coordinator.swift"; sourceTree = "<group>"; };
		D2930DB024A3D8D700593133 /* CitiesListView.xib */ = {isa = PBXFileReference; lastKnownFileType = file.xib; path = CitiesListView.xib; sourceTree = "<group>"; };
		D2930DB224A3DE8100593133 /* CitiesListViewController.swift */ = {isa = PBXFileReference; lastKnownFileType = sourcecode.swift; path = CitiesListViewController.swift; sourceTree = "<group>"; };
		D2930DB424A3F01E00593133 /* TextField+Styling.swift */ = {isa = PBXFileReference; lastKnownFileType = sourcecode.swift; path = "TextField+Styling.swift"; sourceTree = "<group>"; };
		D2930DB624A3FBD000593133 /* Constants.swift */ = {isa = PBXFileReference; lastKnownFileType = sourcecode.swift; path = Constants.swift; sourceTree = "<group>"; };
		D2930DB824A40A1200593133 /* Colors.swift */ = {isa = PBXFileReference; lastKnownFileType = sourcecode.swift; path = Colors.swift; sourceTree = "<group>"; };
		D2930DBA24A40DAD00593133 /* CitiesListViewController+TableView.swift */ = {isa = PBXFileReference; lastKnownFileType = sourcecode.swift; path = "CitiesListViewController+TableView.swift"; sourceTree = "<group>"; };
		D2930DBC24A412B400593133 /* ViewModelLoader.swift */ = {isa = PBXFileReference; lastKnownFileType = sourcecode.swift; path = ViewModelLoader.swift; sourceTree = "<group>"; };
		D2930DC324A422D000593133 /* CityRow.swift */ = {isa = PBXFileReference; lastKnownFileType = sourcecode.swift; path = CityRow.swift; sourceTree = "<group>"; };
		D2930DC424A422D000593133 /* CityRow.xib */ = {isa = PBXFileReference; lastKnownFileType = file.xib; path = CityRow.xib; sourceTree = "<group>"; };
		D2930DC724A42F5700593133 /* Identifiers.swift */ = {isa = PBXFileReference; lastKnownFileType = sourcecode.swift; path = Identifiers.swift; sourceTree = "<group>"; };
		D2930DCD24A4460C00593133 /* CitiesMapViewController.swift */ = {isa = PBXFileReference; lastKnownFileType = sourcecode.swift; path = CitiesMapViewController.swift; sourceTree = "<group>"; };
		D2930DCE24A4460C00593133 /* CitiesMapView.xib */ = {isa = PBXFileReference; lastKnownFileType = file.xib; path = CitiesMapView.xib; sourceTree = "<group>"; };
		D2930DD324A44B1D00593133 /* CitiesListViewController+TextField.swift */ = {isa = PBXFileReference; lastKnownFileType = sourcecode.swift; path = "CitiesListViewController+TextField.swift"; sourceTree = "<group>"; };
		D2930DD524A44B4A00593133 /* CitiesListViewController+ViewDelegate.swift */ = {isa = PBXFileReference; lastKnownFileType = sourcecode.swift; path = "CitiesListViewController+ViewDelegate.swift"; sourceTree = "<group>"; };
		D2930DD724A4519700593133 /* APIKeys.swift */ = {isa = PBXFileReference; lastKnownFileType = sourcecode.swift; path = APIKeys.swift; sourceTree = "<group>"; };
		D2930DD924A4526100593133 /* CitiesMapViewModel.swift */ = {isa = PBXFileReference; lastKnownFileType = sourcecode.swift; path = CitiesMapViewModel.swift; sourceTree = "<group>"; };
		D2930DDE24A483FE00593133 /* CityLoadingCell.swift */ = {isa = PBXFileReference; lastKnownFileType = sourcecode.swift; path = CityLoadingCell.swift; sourceTree = "<group>"; };
		D2930DDF24A483FE00593133 /* CityLoadingCell.xib */ = {isa = PBXFileReference; lastKnownFileType = file.xib; path = CityLoadingCell.xib; sourceTree = "<group>"; };
		D2930DE324A4EE3800593133 /* RecentQueryCell.swift */ = {isa = PBXFileReference; lastKnownFileType = sourcecode.swift; path = RecentQueryCell.swift; sourceTree = "<group>"; };
		D2930DE424A4EE3800593133 /* RecentQueryCell.xib */ = {isa = PBXFileReference; lastKnownFileType = file.xib; path = RecentQueryCell.xib; sourceTree = "<group>"; };
		D2930DE724A4F51F00593133 /* Query.swift */ = {isa = PBXFileReference; lastKnownFileType = sourcecode.swift; path = Query.swift; sourceTree = "<group>"; };
		D2C12AEC24A24D5A00ED9B45 /* CacheManager.swift */ = {isa = PBXFileReference; lastKnownFileType = sourcecode.swift; path = CacheManager.swift; sourceTree = "<group>"; };
		D2C12AF024A2630500ED9B45 /* DebugLog.swift */ = {isa = PBXFileReference; lastKnownFileType = sourcecode.swift; path = DebugLog.swift; sourceTree = "<group>"; };
		D59622DFB1A4658F43FDFD6F /* Pods_cities_of_the_worldTests.framework */ = {isa = PBXFileReference; explicitFileType = wrapper.framework; includeInIndex = 0; path = Pods_cities_of_the_worldTests.framework; sourceTree = BUILT_PRODUCTS_DIR; };
		D76D0979BF76DECE0CCF58B5 /* Pods-cities of the world-cities of the worldUITests.release.xcconfig */ = {isa = PBXFileReference; includeInIndex = 1; lastKnownFileType = text.xcconfig; name = "Pods-cities of the world-cities of the worldUITests.release.xcconfig"; path = "Target Support Files/Pods-cities of the world-cities of the worldUITests/Pods-cities of the world-cities of the worldUITests.release.xcconfig"; sourceTree = "<group>"; };
		F20D921260A5475522E67405 /* Pods_cities_of_the_world.framework */ = {isa = PBXFileReference; explicitFileType = wrapper.framework; includeInIndex = 0; path = Pods_cities_of_the_world.framework; sourceTree = BUILT_PRODUCTS_DIR; };
/* End PBXFileReference section */

/* Begin PBXFrameworksBuildPhase section */
		D22D597624A078990090E5D1 /* Frameworks */ = {
			isa = PBXFrameworksBuildPhase;
			buildActionMask = 2147483647;
			files = (
				D6562999B890DD743AF0F23D /* Pods_cities_of_the_world.framework in Frameworks */,
			);
			runOnlyForDeploymentPostprocessing = 0;
		};
		D22D598C24A0789B0090E5D1 /* Frameworks */ = {
			isa = PBXFrameworksBuildPhase;
			buildActionMask = 2147483647;
			files = (
				EA06ABABF2CCC129AF34F050 /* Pods_cities_of_the_worldTests.framework in Frameworks */,
			);
			runOnlyForDeploymentPostprocessing = 0;
		};
		D22D599724A0789B0090E5D1 /* Frameworks */ = {
			isa = PBXFrameworksBuildPhase;
			buildActionMask = 2147483647;
			files = (
				C2F82C7456DC1FF9EBD928AB /* Pods_cities_of_the_world_cities_of_the_worldUITests.framework in Frameworks */,
			);
			runOnlyForDeploymentPostprocessing = 0;
		};
/* End PBXFrameworksBuildPhase section */

/* Begin PBXGroup section */
		0DCDD9113589D786B9693B97 /* Frameworks */ = {
			isa = PBXGroup;
			children = (
				F20D921260A5475522E67405 /* Pods_cities_of_the_world.framework */,
				285DB7C4C90845D53E97C1E2 /* Pods_cities_of_the_world_cities_of_the_worldUITests.framework */,
				D59622DFB1A4658F43FDFD6F /* Pods_cities_of_the_worldTests.framework */,
			);
			name = Frameworks;
			sourceTree = "<group>";
		};
		4BAF1E1948273C381A2D8F4C /* Pods */ = {
			isa = PBXGroup;
			children = (
				14EFBB7DE1061437E4BA5B99 /* Pods-cities of the world.debug.xcconfig */,
				29EBAD84A8212D4DB1A36128 /* Pods-cities of the world.release.xcconfig */,
				A7F9082699CA441DEC02B62B /* Pods-cities of the world-cities of the worldUITests.debug.xcconfig */,
				D76D0979BF76DECE0CCF58B5 /* Pods-cities of the world-cities of the worldUITests.release.xcconfig */,
				AF874AB28667705C97B074FD /* Pods-cities of the worldTests.debug.xcconfig */,
				35410B3859B4766574DF00C5 /* Pods-cities of the worldTests.release.xcconfig */,
			);
			path = Pods;
			sourceTree = "<group>";
		};
		D22D597024A078990090E5D1 = {
			isa = PBXGroup;
			children = (
				D22D597B24A078990090E5D1 /* cities of the world */,
				D22D599224A0789B0090E5D1 /* cities of the worldTests */,
				D22D599D24A0789B0090E5D1 /* cities of the worldUITests */,
				D22D597A24A078990090E5D1 /* Products */,
				4BAF1E1948273C381A2D8F4C /* Pods */,
				0DCDD9113589D786B9693B97 /* Frameworks */,
			);
			sourceTree = "<group>";
		};
		D22D597A24A078990090E5D1 /* Products */ = {
			isa = PBXGroup;
			children = (
				D22D597924A078990090E5D1 /* Cities of the World.app */,
				D22D598F24A0789B0090E5D1 /* cities of the worldTests.xctest */,
				D22D599A24A0789B0090E5D1 /* cities of the worldUITests.xctest */,
			);
			name = Products;
			sourceTree = "<group>";
		};
		D22D597B24A078990090E5D1 /* cities of the world */ = {
			isa = PBXGroup;
			children = (
				D2930DB624A3FBD000593133 /* Constants.swift */,
				D2930DB824A40A1200593133 /* Colors.swift */,
				D2930DC724A42F5700593133 /* Identifiers.swift */,
				D2930D9F24A3A94600593133 /* Xibs.swift */,
				D2930DA724A3AC1E00593133 /* Protocols */,
				D2930D9C24A3A89400593133 /* Coordinators */,
				D2C12AEB24A24D2C00ED9B45 /* DataSource */,
				D28E367424A26EA400D19033 /* Models */,
				D28E368524A30A7500D19033 /* Repositories */,
				D2930D9724A3A84000593133 /* Views */,
				D2C12AEF24A262F900ED9B45 /* Utilities */,
				D22D598724A0789B0090E5D1 /* LaunchScreen.storyboard */,
				D22D597E24A078990090E5D1 /* SceneDelegate.swift */,
				D2930DAE24A3D3D900593133 /* SceneDelegate+Coordinator.swift */,
				D22D597C24A078990090E5D1 /* AppDelegate.swift */,
				D2930DD724A4519700593133 /* APIKeys.swift */,
				D22D598A24A0789B0090E5D1 /* Info.plist */,
				D22D598524A0789B0090E5D1 /* Assets.xcassets */,
			);
			path = "cities of the world";
			sourceTree = "<group>";
		};
		D22D599224A0789B0090E5D1 /* cities of the worldTests */ = {
			isa = PBXGroup;
			children = (
				D22D599324A0789B0090E5D1 /* CacheManagerTests.swift */,
				D22D599524A0789B0090E5D1 /* Info.plist */,
				D28E367C24A2E86E00D19033 /* ApiTests.swift */,
			);
			path = "cities of the worldTests";
			sourceTree = "<group>";
		};
		D22D599D24A0789B0090E5D1 /* cities of the worldUITests */ = {
			isa = PBXGroup;
			children = (
				D22D599E24A0789B0090E5D1 /* cities_of_the_worldUITests.swift */,
				D22D59A024A0789B0090E5D1 /* Info.plist */,
			);
			path = "cities of the worldUITests";
			sourceTree = "<group>";
		};
		D28E367424A26EA400D19033 /* Models */ = {
			isa = PBXGroup;
			children = (
				D28E367524A26EB300D19033 /* Cacheable.swift */,
				D28E367824A2958700D19033 /* City.swift */,
				D28E367E24A2F0E900D19033 /* PaginationResult.swift */,
				D2930DE724A4F51F00593133 /* Query.swift */,
			);
			path = Models;
			sourceTree = "<group>";
		};
		D28E368524A30A7500D19033 /* Repositories */ = {
			isa = PBXGroup;
			children = (
				D28E368624A30A9300D19033 /* CitiesRepository.swift */,
			);
			path = Repositories;
			sourceTree = "<group>";
		};
		D2930D9724A3A84000593133 /* Views */ = {
			isa = PBXGroup;
			children = (
				D2930DE224A4EE2300593133 /* RecentQuery */,
				D2930DBE24A420BC00593133 /* CityRow */,
				D2930DDD24A483D500593133 /* CityLoadingRow */,
				D2930DCC24A445E700593133 /* CitiesMap */,
				D2930DCB24A445B600593133 /* CitiesList */,
			);
			path = Views;
			sourceTree = "<group>";
		};
		D2930D9C24A3A89400593133 /* Coordinators */ = {
			isa = PBXGroup;
			children = (
				D2930D9D24A3A8A200593133 /* Coordinator.swift */,
				D2930DAA24A3AE2300593133 /* MainCoordinator.swift */,
			);
			path = Coordinators;
			sourceTree = "<group>";
		};
		D2930DA724A3AC1E00593133 /* Protocols */ = {
			isa = PBXGroup;
			children = (
				D2930DA524A3AAB500593133 /* BindableViewDelegate.swift */,
				D2930DA324A3AAA800593133 /* BindableViewModel.swift */,
			);
			path = Protocols;
			sourceTree = "<group>";
		};
		D2930DBE24A420BC00593133 /* CityRow */ = {
			isa = PBXGroup;
			children = (
				D2930DC324A422D000593133 /* CityRow.swift */,
				D2930DC424A422D000593133 /* CityRow.xib */,
			);
			path = CityRow;
			sourceTree = "<group>";
		};
		D2930DCB24A445B600593133 /* CitiesList */ = {
			isa = PBXGroup;
			children = (
				D2930DB024A3D8D700593133 /* CitiesListView.xib */,
				D2930DB224A3DE8100593133 /* CitiesListViewController.swift */,
				D2930DD324A44B1D00593133 /* CitiesListViewController+TextField.swift */,
				D2930DD524A44B4A00593133 /* CitiesListViewController+ViewDelegate.swift */,
				D2930DBA24A40DAD00593133 /* CitiesListViewController+TableView.swift */,
				D2930DAC24A3B4ED00593133 /* CitiesListViewModel.swift */,
			);
			path = CitiesList;
			sourceTree = "<group>";
		};
		D2930DCC24A445E700593133 /* CitiesMap */ = {
			isa = PBXGroup;
			children = (
				D2930DCE24A4460C00593133 /* CitiesMapView.xib */,
				D2930DCD24A4460C00593133 /* CitiesMapViewController.swift */,
				D2930DD924A4526100593133 /* CitiesMapViewModel.swift */,
			);
			path = CitiesMap;
			sourceTree = "<group>";
		};
		D2930DDD24A483D500593133 /* CityLoadingRow */ = {
			isa = PBXGroup;
			children = (
				D2930DDE24A483FE00593133 /* CityLoadingCell.swift */,
				D2930DDF24A483FE00593133 /* CityLoadingCell.xib */,
			);
			path = CityLoadingRow;
			sourceTree = "<group>";
		};
		D2930DE224A4EE2300593133 /* RecentQuery */ = {
			isa = PBXGroup;
			children = (
				D2930DE324A4EE3800593133 /* RecentQueryCell.swift */,
				D2930DE424A4EE3800593133 /* RecentQueryCell.xib */,
			);
			path = RecentQuery;
			sourceTree = "<group>";
		};
		D2C12AEB24A24D2C00ED9B45 /* DataSource */ = {
			isa = PBXGroup;
			children = (
				D2C12AEC24A24D5A00ED9B45 /* CacheManager.swift */,
				D28E367A24A2DBB100D19033 /* ApiClient.swift */,
			);
			path = DataSource;
			sourceTree = "<group>";
		};
		D2C12AEF24A262F900ED9B45 /* Utilities */ = {
			isa = PBXGroup;
			children = (
				D2C12AF024A2630500ED9B45 /* DebugLog.swift */,
				D2930DA824A3ACF600593133 /* UIViewController+Load.swift */,
				D2930DB424A3F01E00593133 /* TextField+Styling.swift */,
				D2930DBC24A412B400593133 /* ViewModelLoader.swift */,
			);
			path = Utilities;
			sourceTree = "<group>";
		};
/* End PBXGroup section */

/* Begin PBXNativeTarget section */
		D22D597824A078990090E5D1 /* cities of the world */ = {
			isa = PBXNativeTarget;
			buildConfigurationList = D22D59A324A0789C0090E5D1 /* Build configuration list for PBXNativeTarget "cities of the world" */;
			buildPhases = (
				6649EE18AC32CAB57CCBBD70 /* [CP] Check Pods Manifest.lock */,
				D22D597524A078990090E5D1 /* Sources */,
				D22D597624A078990090E5D1 /* Frameworks */,
				D22D597724A078990090E5D1 /* Resources */,
				D83391FA656D0C924169C597 /* [CP] Embed Pods Frameworks */,
				9D01F4A0E8ED22630E2CEB4B /* [CP] Copy Pods Resources */,
			);
			buildRules = (
			);
			dependencies = (
			);
			name = "cities of the world";
			productName = "cities of the world";
			productReference = D22D597924A078990090E5D1 /* Cities of the World.app */;
			productType = "com.apple.product-type.application";
		};
		D22D598E24A0789B0090E5D1 /* cities of the worldTests */ = {
			isa = PBXNativeTarget;
			buildConfigurationList = D22D59A624A0789C0090E5D1 /* Build configuration list for PBXNativeTarget "cities of the worldTests" */;
			buildPhases = (
				249C44863D28A66C9AFF0AD4 /* [CP] Check Pods Manifest.lock */,
				D22D598B24A0789B0090E5D1 /* Sources */,
				D22D598C24A0789B0090E5D1 /* Frameworks */,
				D22D598D24A0789B0090E5D1 /* Resources */,
			);
			buildRules = (
			);
			dependencies = (
				D22D599124A0789B0090E5D1 /* PBXTargetDependency */,
			);
			name = "cities of the worldTests";
			productName = "cities of the worldTests";
			productReference = D22D598F24A0789B0090E5D1 /* cities of the worldTests.xctest */;
			productType = "com.apple.product-type.bundle.unit-test";
		};
		D22D599924A0789B0090E5D1 /* cities of the worldUITests */ = {
			isa = PBXNativeTarget;
			buildConfigurationList = D22D59A924A0789C0090E5D1 /* Build configuration list for PBXNativeTarget "cities of the worldUITests" */;
			buildPhases = (
				081681662E6A955EAECE2BC4 /* [CP] Check Pods Manifest.lock */,
				D22D599624A0789B0090E5D1 /* Sources */,
				D22D599724A0789B0090E5D1 /* Frameworks */,
				D22D599824A0789B0090E5D1 /* Resources */,
				2A210FFB0446F2B5741B3588 /* [CP] Embed Pods Frameworks */,
				F78604B0D240C92E43E1720E /* [CP] Copy Pods Resources */,
			);
			buildRules = (
			);
			dependencies = (
				D22D599C24A0789B0090E5D1 /* PBXTargetDependency */,
			);
			name = "cities of the worldUITests";
			productName = "cities of the worldUITests";
			productReference = D22D599A24A0789B0090E5D1 /* cities of the worldUITests.xctest */;
			productType = "com.apple.product-type.bundle.ui-testing";
		};
/* End PBXNativeTarget section */

/* Begin PBXProject section */
		D22D597124A078990090E5D1 /* Project object */ = {
			isa = PBXProject;
			attributes = {
				LastSwiftUpdateCheck = 1140;
				LastUpgradeCheck = 1140;
				ORGANIZATIONNAME = "Luis Arboleda";
				TargetAttributes = {
					D22D597824A078990090E5D1 = {
						CreatedOnToolsVersion = 11.4;
					};
					D22D598E24A0789B0090E5D1 = {
						CreatedOnToolsVersion = 11.4;
						TestTargetID = D22D597824A078990090E5D1;
					};
					D22D599924A0789B0090E5D1 = {
						CreatedOnToolsVersion = 11.4;
						TestTargetID = D22D597824A078990090E5D1;
					};
				};
			};
			buildConfigurationList = D22D597424A078990090E5D1 /* Build configuration list for PBXProject "cities of the world" */;
			compatibilityVersion = "Xcode 9.3";
			developmentRegion = en;
			hasScannedForEncodings = 0;
			knownRegions = (
				en,
				Base,
			);
			mainGroup = D22D597024A078990090E5D1;
			productRefGroup = D22D597A24A078990090E5D1 /* Products */;
			projectDirPath = "";
			projectRoot = "";
			targets = (
				D22D597824A078990090E5D1 /* cities of the world */,
				D22D598E24A0789B0090E5D1 /* cities of the worldTests */,
				D22D599924A0789B0090E5D1 /* cities of the worldUITests */,
			);
		};
/* End PBXProject section */

/* Begin PBXResourcesBuildPhase section */
		D22D597724A078990090E5D1 /* Resources */ = {
			isa = PBXResourcesBuildPhase;
			buildActionMask = 2147483647;
			files = (
				D2930DB124A3D8D700593133 /* CitiesListView.xib in Resources */,
				D2930DC624A422D000593133 /* CityRow.xib in Resources */,
				D2930DD024A4460C00593133 /* CitiesMapView.xib in Resources */,
				D22D598924A0789B0090E5D1 /* LaunchScreen.storyboard in Resources */,
				D22D598624A0789B0090E5D1 /* Assets.xcassets in Resources */,
				D2930DE624A4EE3800593133 /* RecentQueryCell.xib in Resources */,
				D2930DE124A483FE00593133 /* CityLoadingCell.xib in Resources */,
			);
			runOnlyForDeploymentPostprocessing = 0;
		};
		D22D598D24A0789B0090E5D1 /* Resources */ = {
			isa = PBXResourcesBuildPhase;
			buildActionMask = 2147483647;
			files = (
			);
			runOnlyForDeploymentPostprocessing = 0;
		};
		D22D599824A0789B0090E5D1 /* Resources */ = {
			isa = PBXResourcesBuildPhase;
			buildActionMask = 2147483647;
			files = (
			);
			runOnlyForDeploymentPostprocessing = 0;
		};
/* End PBXResourcesBuildPhase section */

/* Begin PBXShellScriptBuildPhase section */
		081681662E6A955EAECE2BC4 /* [CP] Check Pods Manifest.lock */ = {
			isa = PBXShellScriptBuildPhase;
			buildActionMask = 2147483647;
			files = (
			);
			inputFileListPaths = (
			);
			inputPaths = (
				"${PODS_PODFILE_DIR_PATH}/Podfile.lock",
				"${PODS_ROOT}/Manifest.lock",
			);
			name = "[CP] Check Pods Manifest.lock";
			outputFileListPaths = (
			);
			outputPaths = (
				"$(DERIVED_FILE_DIR)/Pods-cities of the world-cities of the worldUITests-checkManifestLockResult.txt",
			);
			runOnlyForDeploymentPostprocessing = 0;
			shellPath = /bin/sh;
			shellScript = "diff \"${PODS_PODFILE_DIR_PATH}/Podfile.lock\" \"${PODS_ROOT}/Manifest.lock\" > /dev/null\nif [ $? != 0 ] ; then\n    # print error to STDERR\n    echo \"error: The sandbox is not in sync with the Podfile.lock. Run 'pod install' or update your CocoaPods installation.\" >&2\n    exit 1\nfi\n# This output is used by Xcode 'outputs' to avoid re-running this script phase.\necho \"SUCCESS\" > \"${SCRIPT_OUTPUT_FILE_0}\"\n";
			showEnvVarsInLog = 0;
		};
		249C44863D28A66C9AFF0AD4 /* [CP] Check Pods Manifest.lock */ = {
			isa = PBXShellScriptBuildPhase;
			buildActionMask = 2147483647;
			files = (
			);
			inputFileListPaths = (
			);
			inputPaths = (
				"${PODS_PODFILE_DIR_PATH}/Podfile.lock",
				"${PODS_ROOT}/Manifest.lock",
			);
			name = "[CP] Check Pods Manifest.lock";
			outputFileListPaths = (
			);
			outputPaths = (
				"$(DERIVED_FILE_DIR)/Pods-cities of the worldTests-checkManifestLockResult.txt",
			);
			runOnlyForDeploymentPostprocessing = 0;
			shellPath = /bin/sh;
			shellScript = "diff \"${PODS_PODFILE_DIR_PATH}/Podfile.lock\" \"${PODS_ROOT}/Manifest.lock\" > /dev/null\nif [ $? != 0 ] ; then\n    # print error to STDERR\n    echo \"error: The sandbox is not in sync with the Podfile.lock. Run 'pod install' or update your CocoaPods installation.\" >&2\n    exit 1\nfi\n# This output is used by Xcode 'outputs' to avoid re-running this script phase.\necho \"SUCCESS\" > \"${SCRIPT_OUTPUT_FILE_0}\"\n";
			showEnvVarsInLog = 0;
		};
		2A210FFB0446F2B5741B3588 /* [CP] Embed Pods Frameworks */ = {
			isa = PBXShellScriptBuildPhase;
			buildActionMask = 2147483647;
			files = (
			);
			inputFileListPaths = (
				"${PODS_ROOT}/Target Support Files/Pods-cities of the world-cities of the worldUITests/Pods-cities of the world-cities of the worldUITests-frameworks-${CONFIGURATION}-input-files.xcfilelist",
			);
			name = "[CP] Embed Pods Frameworks";
			outputFileListPaths = (
				"${PODS_ROOT}/Target Support Files/Pods-cities of the world-cities of the worldUITests/Pods-cities of the world-cities of the worldUITests-frameworks-${CONFIGURATION}-output-files.xcfilelist",
			);
			runOnlyForDeploymentPostprocessing = 0;
			shellPath = /bin/sh;
			shellScript = "\"${PODS_ROOT}/Target Support Files/Pods-cities of the world-cities of the worldUITests/Pods-cities of the world-cities of the worldUITests-frameworks.sh\"\n";
			showEnvVarsInLog = 0;
		};
		6649EE18AC32CAB57CCBBD70 /* [CP] Check Pods Manifest.lock */ = {
			isa = PBXShellScriptBuildPhase;
			buildActionMask = 2147483647;
			files = (
			);
			inputFileListPaths = (
			);
			inputPaths = (
				"${PODS_PODFILE_DIR_PATH}/Podfile.lock",
				"${PODS_ROOT}/Manifest.lock",
			);
			name = "[CP] Check Pods Manifest.lock";
			outputFileListPaths = (
			);
			outputPaths = (
				"$(DERIVED_FILE_DIR)/Pods-cities of the world-checkManifestLockResult.txt",
			);
			runOnlyForDeploymentPostprocessing = 0;
			shellPath = /bin/sh;
			shellScript = "diff \"${PODS_PODFILE_DIR_PATH}/Podfile.lock\" \"${PODS_ROOT}/Manifest.lock\" > /dev/null\nif [ $? != 0 ] ; then\n    # print error to STDERR\n    echo \"error: The sandbox is not in sync with the Podfile.lock. Run 'pod install' or update your CocoaPods installation.\" >&2\n    exit 1\nfi\n# This output is used by Xcode 'outputs' to avoid re-running this script phase.\necho \"SUCCESS\" > \"${SCRIPT_OUTPUT_FILE_0}\"\n";
			showEnvVarsInLog = 0;
		};
		9D01F4A0E8ED22630E2CEB4B /* [CP] Copy Pods Resources */ = {
			isa = PBXShellScriptBuildPhase;
			buildActionMask = 2147483647;
			files = (
			);
			inputFileListPaths = (
				"${PODS_ROOT}/Target Support Files/Pods-cities of the world/Pods-cities of the world-resources-${CONFIGURATION}-input-files.xcfilelist",
			);
			name = "[CP] Copy Pods Resources";
			outputFileListPaths = (
				"${PODS_ROOT}/Target Support Files/Pods-cities of the world/Pods-cities of the world-resources-${CONFIGURATION}-output-files.xcfilelist",
			);
			runOnlyForDeploymentPostprocessing = 0;
			shellPath = /bin/sh;
			shellScript = "\"${PODS_ROOT}/Target Support Files/Pods-cities of the world/Pods-cities of the world-resources.sh\"\n";
			showEnvVarsInLog = 0;
		};
		D83391FA656D0C924169C597 /* [CP] Embed Pods Frameworks */ = {
			isa = PBXShellScriptBuildPhase;
			buildActionMask = 2147483647;
			files = (
			);
			inputFileListPaths = (
				"${PODS_ROOT}/Target Support Files/Pods-cities of the world/Pods-cities of the world-frameworks-${CONFIGURATION}-input-files.xcfilelist",
			);
			name = "[CP] Embed Pods Frameworks";
			outputFileListPaths = (
				"${PODS_ROOT}/Target Support Files/Pods-cities of the world/Pods-cities of the world-frameworks-${CONFIGURATION}-output-files.xcfilelist",
			);
			runOnlyForDeploymentPostprocessing = 0;
			shellPath = /bin/sh;
			shellScript = "\"${PODS_ROOT}/Target Support Files/Pods-cities of the world/Pods-cities of the world-frameworks.sh\"\n";
			showEnvVarsInLog = 0;
		};
		F78604B0D240C92E43E1720E /* [CP] Copy Pods Resources */ = {
			isa = PBXShellScriptBuildPhase;
			buildActionMask = 2147483647;
			files = (
			);
			inputFileListPaths = (
				"${PODS_ROOT}/Target Support Files/Pods-cities of the world-cities of the worldUITests/Pods-cities of the world-cities of the worldUITests-resources-${CONFIGURATION}-input-files.xcfilelist",
			);
			name = "[CP] Copy Pods Resources";
			outputFileListPaths = (
				"${PODS_ROOT}/Target Support Files/Pods-cities of the world-cities of the worldUITests/Pods-cities of the world-cities of the worldUITests-resources-${CONFIGURATION}-output-files.xcfilelist",
			);
			runOnlyForDeploymentPostprocessing = 0;
			shellPath = /bin/sh;
			shellScript = "\"${PODS_ROOT}/Target Support Files/Pods-cities of the world-cities of the worldUITests/Pods-cities of the world-cities of the worldUITests-resources.sh\"\n";
			showEnvVarsInLog = 0;
		};
/* End PBXShellScriptBuildPhase section */

/* Begin PBXSourcesBuildPhase section */
		D22D597524A078990090E5D1 /* Sources */ = {
			isa = PBXSourcesBuildPhase;
			buildActionMask = 2147483647;
			files = (
				D2930DBD24A412B400593133 /* ViewModelLoader.swift in Sources */,
				D2930DAB24A3AE2300593133 /* MainCoordinator.swift in Sources */,
				D28E367F24A2F0E900D19033 /* PaginationResult.swift in Sources */,
				D2930DB924A40A1200593133 /* Colors.swift in Sources */,
				D2C12AF124A2630500ED9B45 /* DebugLog.swift in Sources */,
				D2930DA624A3AAB500593133 /* BindableViewDelegate.swift in Sources */,
				D2C12AED24A24D5A00ED9B45 /* CacheManager.swift in Sources */,
				D2930DE524A4EE3800593133 /* RecentQueryCell.swift in Sources */,
				D2930DD624A44B4A00593133 /* CitiesListViewController+ViewDelegate.swift in Sources */,
				D28E367624A26EB300D19033 /* Cacheable.swift in Sources */,
				D2930DE024A483FE00593133 /* CityLoadingCell.swift in Sources */,
				D28E368724A30A9300D19033 /* CitiesRepository.swift in Sources */,
				D2930DA424A3AAA800593133 /* BindableViewModel.swift in Sources */,
				D28E367B24A2DBB100D19033 /* ApiClient.swift in Sources */,
				D2930DAF24A3D3D900593133 /* SceneDelegate+Coordinator.swift in Sources */,
				D2930DD424A44B1D00593133 /* CitiesListViewController+TextField.swift in Sources */,
				D2930DE824A4F51F00593133 /* Query.swift in Sources */,
				D2930DB324A3DE8100593133 /* CitiesListViewController.swift in Sources */,
				D2930DD824A4519700593133 /* APIKeys.swift in Sources */,
				D22D597D24A078990090E5D1 /* AppDelegate.swift in Sources */,
				D2930D9E24A3A8A200593133 /* Coordinator.swift in Sources */,
				D22D597F24A078990090E5D1 /* SceneDelegate.swift in Sources */,
				D2930DBB24A40DAD00593133 /* CitiesListViewController+TableView.swift in Sources */,
				D2930DC524A422D000593133 /* CityRow.swift in Sources */,
				D2930DC824A42F5700593133 /* Identifiers.swift in Sources */,
				D2930DDA24A4526100593133 /* CitiesMapViewModel.swift in Sources */,
				D28E367924A2958700D19033 /* City.swift in Sources */,
				D2930DB724A3FBD000593133 /* Constants.swift in Sources */,
				D2930DA924A3ACF600593133 /* UIViewController+Load.swift in Sources */,
				D2930DCF24A4460C00593133 /* CitiesMapViewController.swift in Sources */,
				D2930DB524A3F01E00593133 /* TextField+Styling.swift in Sources */,
				D2930DA024A3A94600593133 /* Xibs.swift in Sources */,
				D2930DAD24A3B4ED00593133 /* CitiesListViewModel.swift in Sources */,
			);
			runOnlyForDeploymentPostprocessing = 0;
		};
		D22D598B24A0789B0090E5D1 /* Sources */ = {
			isa = PBXSourcesBuildPhase;
			buildActionMask = 2147483647;
			files = (
				D22D599424A0789B0090E5D1 /* CacheManagerTests.swift in Sources */,
				D28E367D24A2E86E00D19033 /* ApiTests.swift in Sources */,
				D2C12AF224A2630500ED9B45 /* DebugLog.swift in Sources */,
			);
			runOnlyForDeploymentPostprocessing = 0;
		};
		D22D599624A0789B0090E5D1 /* Sources */ = {
			isa = PBXSourcesBuildPhase;
			buildActionMask = 2147483647;
			files = (
				D22D599F24A0789B0090E5D1 /* cities_of_the_worldUITests.swift in Sources */,
			);
			runOnlyForDeploymentPostprocessing = 0;
		};
/* End PBXSourcesBuildPhase section */

/* Begin PBXTargetDependency section */
		D22D599124A0789B0090E5D1 /* PBXTargetDependency */ = {
			isa = PBXTargetDependency;
			target = D22D597824A078990090E5D1 /* cities of the world */;
			targetProxy = D22D599024A0789B0090E5D1 /* PBXContainerItemProxy */;
		};
		D22D599C24A0789B0090E5D1 /* PBXTargetDependency */ = {
			isa = PBXTargetDependency;
			target = D22D597824A078990090E5D1 /* cities of the world */;
			targetProxy = D22D599B24A0789B0090E5D1 /* PBXContainerItemProxy */;
		};
/* End PBXTargetDependency section */

/* Begin PBXVariantGroup section */
		D22D598724A0789B0090E5D1 /* LaunchScreen.storyboard */ = {
			isa = PBXVariantGroup;
			children = (
				D22D598824A0789B0090E5D1 /* Base */,
			);
			name = LaunchScreen.storyboard;
			sourceTree = "<group>";
		};
/* End PBXVariantGroup section */

/* Begin XCBuildConfiguration section */
		D22D59A124A0789C0090E5D1 /* Debug */ = {
			isa = XCBuildConfiguration;
			buildSettings = {
				ALWAYS_SEARCH_USER_PATHS = NO;
				CLANG_ANALYZER_NONNULL = YES;
				CLANG_ANALYZER_NUMBER_OBJECT_CONVERSION = YES_AGGRESSIVE;
				CLANG_CXX_LANGUAGE_STANDARD = "gnu++14";
				CLANG_CXX_LIBRARY = "libc++";
				CLANG_ENABLE_MODULES = YES;
				CLANG_ENABLE_OBJC_ARC = YES;
				CLANG_ENABLE_OBJC_WEAK = YES;
				CLANG_WARN_BLOCK_CAPTURE_AUTORELEASING = YES;
				CLANG_WARN_BOOL_CONVERSION = YES;
				CLANG_WARN_COMMA = YES;
				CLANG_WARN_CONSTANT_CONVERSION = YES;
				CLANG_WARN_DEPRECATED_OBJC_IMPLEMENTATIONS = YES;
				CLANG_WARN_DIRECT_OBJC_ISA_USAGE = YES_ERROR;
				CLANG_WARN_DOCUMENTATION_COMMENTS = YES;
				CLANG_WARN_EMPTY_BODY = YES;
				CLANG_WARN_ENUM_CONVERSION = YES;
				CLANG_WARN_INFINITE_RECURSION = YES;
				CLANG_WARN_INT_CONVERSION = YES;
				CLANG_WARN_NON_LITERAL_NULL_CONVERSION = YES;
				CLANG_WARN_OBJC_IMPLICIT_RETAIN_SELF = YES;
				CLANG_WARN_OBJC_LITERAL_CONVERSION = YES;
				CLANG_WARN_OBJC_ROOT_CLASS = YES_ERROR;
				CLANG_WARN_RANGE_LOOP_ANALYSIS = YES;
				CLANG_WARN_STRICT_PROTOTYPES = YES;
				CLANG_WARN_SUSPICIOUS_MOVE = YES;
				CLANG_WARN_UNGUARDED_AVAILABILITY = YES_AGGRESSIVE;
				CLANG_WARN_UNREACHABLE_CODE = YES;
				CLANG_WARN__DUPLICATE_METHOD_MATCH = YES;
				COPY_PHASE_STRIP = NO;
				DEBUG_INFORMATION_FORMAT = dwarf;
				ENABLE_STRICT_OBJC_MSGSEND = YES;
				ENABLE_TESTABILITY = YES;
				FRAMEWORK_SEARCH_PATHS = "";
				GCC_C_LANGUAGE_STANDARD = gnu11;
				GCC_DYNAMIC_NO_PIC = NO;
				GCC_NO_COMMON_BLOCKS = YES;
				GCC_OPTIMIZATION_LEVEL = 0;
				GCC_PREPROCESSOR_DEFINITIONS = (
					"DEBUG=1",
					"$(inherited)",
				);
				GCC_WARN_64_TO_32_BIT_CONVERSION = YES;
				GCC_WARN_ABOUT_RETURN_TYPE = YES_ERROR;
				GCC_WARN_UNDECLARED_SELECTOR = YES;
				GCC_WARN_UNINITIALIZED_AUTOS = YES_AGGRESSIVE;
				GCC_WARN_UNUSED_FUNCTION = YES;
				GCC_WARN_UNUSED_VARIABLE = YES;
				IPHONEOS_DEPLOYMENT_TARGET = 13.4;
				MTL_ENABLE_DEBUG_INFO = INCLUDE_SOURCE;
				MTL_FAST_MATH = YES;
				ONLY_ACTIVE_ARCH = YES;
				SDKROOT = iphoneos;
				SWIFT_ACTIVE_COMPILATION_CONDITIONS = DEBUG;
				SWIFT_OPTIMIZATION_LEVEL = "-Onone";
			};
			name = Debug;
		};
		D22D59A224A0789C0090E5D1 /* Release */ = {
			isa = XCBuildConfiguration;
			buildSettings = {
				ALWAYS_SEARCH_USER_PATHS = NO;
				CLANG_ANALYZER_NONNULL = YES;
				CLANG_ANALYZER_NUMBER_OBJECT_CONVERSION = YES_AGGRESSIVE;
				CLANG_CXX_LANGUAGE_STANDARD = "gnu++14";
				CLANG_CXX_LIBRARY = "libc++";
				CLANG_ENABLE_MODULES = YES;
				CLANG_ENABLE_OBJC_ARC = YES;
				CLANG_ENABLE_OBJC_WEAK = YES;
				CLANG_WARN_BLOCK_CAPTURE_AUTORELEASING = YES;
				CLANG_WARN_BOOL_CONVERSION = YES;
				CLANG_WARN_COMMA = YES;
				CLANG_WARN_CONSTANT_CONVERSION = YES;
				CLANG_WARN_DEPRECATED_OBJC_IMPLEMENTATIONS = YES;
				CLANG_WARN_DIRECT_OBJC_ISA_USAGE = YES_ERROR;
				CLANG_WARN_DOCUMENTATION_COMMENTS = YES;
				CLANG_WARN_EMPTY_BODY = YES;
				CLANG_WARN_ENUM_CONVERSION = YES;
				CLANG_WARN_INFINITE_RECURSION = YES;
				CLANG_WARN_INT_CONVERSION = YES;
				CLANG_WARN_NON_LITERAL_NULL_CONVERSION = YES;
				CLANG_WARN_OBJC_IMPLICIT_RETAIN_SELF = YES;
				CLANG_WARN_OBJC_LITERAL_CONVERSION = YES;
				CLANG_WARN_OBJC_ROOT_CLASS = YES_ERROR;
				CLANG_WARN_RANGE_LOOP_ANALYSIS = YES;
				CLANG_WARN_STRICT_PROTOTYPES = YES;
				CLANG_WARN_SUSPICIOUS_MOVE = YES;
				CLANG_WARN_UNGUARDED_AVAILABILITY = YES_AGGRESSIVE;
				CLANG_WARN_UNREACHABLE_CODE = YES;
				CLANG_WARN__DUPLICATE_METHOD_MATCH = YES;
				COPY_PHASE_STRIP = NO;
				DEBUG_INFORMATION_FORMAT = "dwarf-with-dsym";
				ENABLE_NS_ASSERTIONS = NO;
				ENABLE_STRICT_OBJC_MSGSEND = YES;
				FRAMEWORK_SEARCH_PATHS = "";
				GCC_C_LANGUAGE_STANDARD = gnu11;
				GCC_NO_COMMON_BLOCKS = YES;
				GCC_WARN_64_TO_32_BIT_CONVERSION = YES;
				GCC_WARN_ABOUT_RETURN_TYPE = YES_ERROR;
				GCC_WARN_UNDECLARED_SELECTOR = YES;
				GCC_WARN_UNINITIALIZED_AUTOS = YES_AGGRESSIVE;
				GCC_WARN_UNUSED_FUNCTION = YES;
				GCC_WARN_UNUSED_VARIABLE = YES;
				IPHONEOS_DEPLOYMENT_TARGET = 13.4;
				MTL_ENABLE_DEBUG_INFO = NO;
				MTL_FAST_MATH = YES;
				SDKROOT = iphoneos;
				SWIFT_COMPILATION_MODE = wholemodule;
				SWIFT_OPTIMIZATION_LEVEL = "-O";
				VALIDATE_PRODUCT = YES;
			};
			name = Release;
		};
		D22D59A424A0789C0090E5D1 /* Debug */ = {
			isa = XCBuildConfiguration;
			baseConfigurationReference = 14EFBB7DE1061437E4BA5B99 /* Pods-cities of the world.debug.xcconfig */;
			buildSettings = {
				ASSETCATALOG_COMPILER_APPICON_NAME = AppIcon;
				CODE_SIGN_STYLE = Automatic;
				DEVELOPMENT_TEAM = MA5JRH6SQ4;
				INFOPLIST_FILE = "cities of the world/Info.plist";
				LD_RUNPATH_SEARCH_PATHS = (
					"$(inherited)",
					"@executable_path/Frameworks",
				);
				PRODUCT_BUNDLE_IDENTIFIER = "io.larboleda.square1.cities-of-the-world";
				PRODUCT_NAME = "Cities of the World";
				SWIFT_VERSION = 5.0;
				TARGETED_DEVICE_FAMILY = 1;
			};
			name = Debug;
		};
		D22D59A524A0789C0090E5D1 /* Release */ = {
			isa = XCBuildConfiguration;
			baseConfigurationReference = 29EBAD84A8212D4DB1A36128 /* Pods-cities of the world.release.xcconfig */;
			buildSettings = {
				ASSETCATALOG_COMPILER_APPICON_NAME = AppIcon;
				CODE_SIGN_STYLE = Automatic;
				DEVELOPMENT_TEAM = MA5JRH6SQ4;
				INFOPLIST_FILE = "cities of the world/Info.plist";
				LD_RUNPATH_SEARCH_PATHS = (
					"$(inherited)",
					"@executable_path/Frameworks",
				);
				PRODUCT_BUNDLE_IDENTIFIER = "io.larboleda.square1.cities-of-the-world";
				PRODUCT_NAME = "Cities of the World";
				SWIFT_VERSION = 5.0;
				TARGETED_DEVICE_FAMILY = 1;
			};
			name = Release;
		};
		D22D59A724A0789C0090E5D1 /* Debug */ = {
			isa = XCBuildConfiguration;
			baseConfigurationReference = AF874AB28667705C97B074FD /* Pods-cities of the worldTests.debug.xcconfig */;
			buildSettings = {
				ALWAYS_EMBED_SWIFT_STANDARD_LIBRARIES = YES;
				CODE_SIGN_STYLE = Automatic;
				DEVELOPMENT_TEAM = MA5JRH6SQ4;
				INFOPLIST_FILE = "cities of the worldTests/Info.plist";
				IPHONEOS_DEPLOYMENT_TARGET = 13.4;
				LD_RUNPATH_SEARCH_PATHS = (
					"$(inherited)",
					"@executable_path/Frameworks",
					"@loader_path/Frameworks",
				);
				PRODUCT_BUNDLE_IDENTIFIER = "io.larboleda.square1.cities-of-the-worldTests";
				PRODUCT_NAME = "$(TARGET_NAME)";
				SWIFT_VERSION = 5.0;
				TARGETED_DEVICE_FAMILY = "1,2";
				TEST_HOST = "$(BUILT_PRODUCTS_DIR)/Cities of the World.app/Cities of the World";
			};
			name = Debug;
		};
		D22D59A824A0789C0090E5D1 /* Release */ = {
			isa = XCBuildConfiguration;
			baseConfigurationReference = 35410B3859B4766574DF00C5 /* Pods-cities of the worldTests.release.xcconfig */;
			buildSettings = {
				ALWAYS_EMBED_SWIFT_STANDARD_LIBRARIES = YES;
				CODE_SIGN_STYLE = Automatic;
				DEVELOPMENT_TEAM = MA5JRH6SQ4;
				INFOPLIST_FILE = "cities of the worldTests/Info.plist";
				IPHONEOS_DEPLOYMENT_TARGET = 13.4;
				LD_RUNPATH_SEARCH_PATHS = (
					"$(inherited)",
					"@executable_path/Frameworks",
					"@loader_path/Frameworks",
				);
				PRODUCT_BUNDLE_IDENTIFIER = "io.larboleda.square1.cities-of-the-worldTests";
				PRODUCT_NAME = "$(TARGET_NAME)";
				SWIFT_VERSION = 5.0;
				TARGETED_DEVICE_FAMILY = "1,2";
				TEST_HOST = "$(BUILT_PRODUCTS_DIR)/Cities of the World.app/Cities of the World";
			};
			name = Release;
		};
		D22D59AA24A0789C0090E5D1 /* Debug */ = {
			isa = XCBuildConfiguration;
			baseConfigurationReference = A7F9082699CA441DEC02B62B /* Pods-cities of the world-cities of the worldUITests.debug.xcconfig */;
			buildSettings = {
				ALWAYS_EMBED_SWIFT_STANDARD_LIBRARIES = YES;
				CODE_SIGN_STYLE = Automatic;
				DEVELOPMENT_TEAM = MA5JRH6SQ4;
				INFOPLIST_FILE = "cities of the worldUITests/Info.plist";
				LD_RUNPATH_SEARCH_PATHS = (
					"$(inherited)",
					"@executable_path/Frameworks",
					"@loader_path/Frameworks",
				);
				PRODUCT_BUNDLE_IDENTIFIER = "io.larboleda.square1.cities-of-the-worldUITests";
				PRODUCT_NAME = "$(TARGET_NAME)";
				SWIFT_VERSION = 5.0;
				TARGETED_DEVICE_FAMILY = "1,2";
				TEST_TARGET_NAME = "cities of the world";
			};
			name = Debug;
		};
		D22D59AB24A0789C0090E5D1 /* Release */ = {
			isa = XCBuildConfiguration;
			baseConfigurationReference = D76D0979BF76DECE0CCF58B5 /* Pods-cities of the world-cities of the worldUITests.release.xcconfig */;
			buildSettings = {
				ALWAYS_EMBED_SWIFT_STANDARD_LIBRARIES = YES;
				CODE_SIGN_STYLE = Automatic;
				DEVELOPMENT_TEAM = MA5JRH6SQ4;
				INFOPLIST_FILE = "cities of the worldUITests/Info.plist";
				LD_RUNPATH_SEARCH_PATHS = (
					"$(inherited)",
					"@executable_path/Frameworks",
					"@loader_path/Frameworks",
				);
				PRODUCT_BUNDLE_IDENTIFIER = "io.larboleda.square1.cities-of-the-worldUITests";
				PRODUCT_NAME = "$(TARGET_NAME)";
				SWIFT_VERSION = 5.0;
				TARGETED_DEVICE_FAMILY = "1,2";
				TEST_TARGET_NAME = "cities of the world";
			};
			name = Release;
		};
/* End XCBuildConfiguration section */

/* Begin XCConfigurationList section */
		D22D597424A078990090E5D1 /* Build configuration list for PBXProject "cities of the world" */ = {
			isa = XCConfigurationList;
			buildConfigurations = (
				D22D59A124A0789C0090E5D1 /* Debug */,
				D22D59A224A0789C0090E5D1 /* Release */,
			);
			defaultConfigurationIsVisible = 0;
			defaultConfigurationName = Release;
		};
		D22D59A324A0789C0090E5D1 /* Build configuration list for PBXNativeTarget "cities of the world" */ = {
			isa = XCConfigurationList;
			buildConfigurations = (
				D22D59A424A0789C0090E5D1 /* Debug */,
				D22D59A524A0789C0090E5D1 /* Release */,
			);
			defaultConfigurationIsVisible = 0;
			defaultConfigurationName = Release;
		};
		D22D59A624A0789C0090E5D1 /* Build configuration list for PBXNativeTarget "cities of the worldTests" */ = {
			isa = XCConfigurationList;
			buildConfigurations = (
				D22D59A724A0789C0090E5D1 /* Debug */,
				D22D59A824A0789C0090E5D1 /* Release */,
			);
			defaultConfigurationIsVisible = 0;
			defaultConfigurationName = Release;
		};
		D22D59A924A0789C0090E5D1 /* Build configuration list for PBXNativeTarget "cities of the worldUITests" */ = {
			isa = XCConfigurationList;
			buildConfigurations = (
				D22D59AA24A0789C0090E5D1 /* Debug */,
				D22D59AB24A0789C0090E5D1 /* Release */,
			);
			defaultConfigurationIsVisible = 0;
			defaultConfigurationName = Release;
		};
/* End XCConfigurationList section */
	};
	rootObject = D22D597124A078990090E5D1 /* Project object */;
}
